
Microsoft Visual Studio Solution File, Format Version 12.00
# Visual Studio 15
Project("{FAE04EC0-301F-11D3-BF4B-00C04F79EFBC}") = "Assembly-CSharp", "Assembly-CSharp.csproj", "{F4B58B3B-3A5E-5548-BD78-E7FC9E1C079F}"
EndProject
Global
	GlobalSection(SolutionConfigurationPlatforms) = preSolution
		Debug|Any CPU = Debug|Any CPU
		Release|Any CPU = Release|Any CPU
	EndGlobalSection
	GlobalSection(ProjectConfigurationPlatforms) = postSolution
		{F4B58B3B-3A5E-5548-BD78-E7FC9E1C079F}.Debug|Any CPU.ActiveCfg = Debug|Any CPU
		{F4B58B3B-3A5E-5548-BD78-E7FC9E1C079F}.Debug|Any CPU.Build.0 = Debug|Any CPU
		{F4B58B3B-3A5E-5548-BD78-E7FC9E1C079F}.Release|Any CPU.ActiveCfg = Release|Any CPU
		{F4B58B3B-3A5E-5548-BD78-E7FC9E1C079F}.Release|Any CPU.Build.0 = Release|Any CPU
	EndGlobalSection
	GlobalSection(SolutionProperties) = preSolution
		HideSolutionNode = FALSE
	EndGlobalSection
EndGlobal
